
Microsoft Visual Studio Solution File, Format Version 12.00
# Visual Studio Version 17
VisualStudioVersion = 17.7.34202.233
MinimumVisualStudioVersion = 10.0.40219.1
Project("{FAE04EC0-301F-11D3-BF4B-00C04F79EFBC}") = "Web-App-Veiculos", "Web-App-Veiculos\Web-App-Veiculos.csproj", "{38512F81-2CF9-46B6-84BD-F678F079AE8F}"
EndProject
Global
	GlobalSection(SolutionConfigurationPlatforms) = preSolution
		Debug|Any CPU = Debug|Any CPU
		Release|Any CPU = Release|Any CPU
	EndGlobalSection
	GlobalSection(ProjectConfigurationPlatforms) = postSolution
		{38512F81-2CF9-46B6-84BD-F678F079AE8F}.Debug|Any CPU.ActiveCfg = Debug|Any CPU
		{38512F81-2CF9-46B6-84BD-F678F079AE8F}.Debug|Any CPU.Build.0 = Debug|Any CPU
		{38512F81-2CF9-46B6-84BD-F678F079AE8F}.Release|Any CPU.ActiveCfg = Release|Any CPU
		{38512F81-2CF9-46B6-84BD-F678F079AE8F}.Release|Any CPU.Build.0 = Release|Any CPU
	EndGlobalSection
	GlobalSection(SolutionProperties) = preSolution
		HideSolutionNode = FALSE
	EndGlobalSection
	GlobalSection(ExtensibilityGlobals) = postSolution
		SolutionGuid = {10D2C4CC-CFF7-4208-899E-C24B8603703B}
	EndGlobalSection
EndGlobal
